
Microsoft Visual Studio Solution File, Format Version 12.00
# Visual Studio Version 17
VisualStudioVersion = 17.5.33627.172
MinimumVisualStudioVersion = 10.0.40219.1
Project("{FAE04EC0-301F-11D3-BF4B-00C04F79EFBC}") = "FunkTask3", "FunkTask3\FunkTask3.csproj", "{853DD001-5212-40BD-BC7D-BE862C81AAEA}"
EndProject
Global
	GlobalSection(SolutionConfigurationPlatforms) = preSolution
		Debug|Any CPU = Debug|Any CPU
		Release|Any CPU = Release|Any CPU
	EndGlobalSection
	GlobalSection(ProjectConfigurationPlatforms) = postSolution
		{853DD001-5212-40BD-BC7D-BE862C81AAEA}.Debug|Any CPU.ActiveCfg = Debug|Any CPU
		{853DD001-5212-40BD-BC7D-BE862C81AAEA}.Debug|Any CPU.Build.0 = Debug|Any CPU
		{853DD001-5212-40BD-BC7D-BE862C81AAEA}.Release|Any CPU.ActiveCfg = Release|Any CPU
		{853DD001-5212-40BD-BC7D-BE862C81AAEA}.Release|Any CPU.Build.0 = Release|Any CPU
	EndGlobalSection
	GlobalSection(SolutionProperties) = preSolution
		HideSolutionNode = FALSE
	EndGlobalSection
	GlobalSection(ExtensibilityGlobals) = postSolution
		SolutionGuid = {4B7591DF-6064-42AD-879E-ED044BF4DCF3}
	EndGlobalSection
EndGlobal
